{
  "name": "esm-imports-esm-first-hybrid",
  "version": "1.0.0",
  "lockfileVersion": 2,
  "requires": true,
  "packages": {
    "": {
      "version": "1.0.0",
      "license": "ISC",
      "dependencies": {
        "esm-first-hybrid": "file:../esm-first-hybrid"
      }
    },
    "../esm-first-hybrid": {
      "version": "1.0.0",
      "license": "ISC",
      "devDependencies": {
        "@babel/cli": "^7.13.16",
        "@babel/core": "7.13.16",
        "@babel/plugin-transform-modules-commonjs": "7.13.8"
      }
    },
    "node_modules/esm-first-hybrid": {
      "resolved": "../esm-first-hybrid",
      "link": true
    }
  },
  "dependencies": {
    "esm-first-hybrid": {
      "version": "file:../esm-first-hybrid",
      "requires": {
        "@babel/cli": "^7.13.16",
        "@babel/core": "7.13.16",
        "@babel/plugin-transform-modules-commonjs": "7.13.8"
      }
    }
  }
}
